// !$*UTF8*$!
{
	archiveVersion = 1;
	classes = {
	};
	objectVersion = 50;
	objects = {

/* Begin PBXBuildFile section */
		770ABA8B95C466C4C00CA4A7 /* Pods_CafePrices_CafePricesUITests.framework in Frameworks */ = {isa = PBXBuildFile; fileRef = 653F2AA50C3E9A50EAA5FFF7 /* Pods_CafePrices_CafePricesUITests.framework */; };
		8527C322392BEB87A5463C73 /* Pods_CafePricesTests.framework in Frameworks */ = {isa = PBXBuildFile; fileRef = 6233AD1522DDA04C184854BC /* Pods_CafePricesTests.framework */; };
		DD80E8F0E17F94A50B63DF4E /* Pods_CafePrices.framework in Frameworks */ = {isa = PBXBuildFile; fileRef = 66EB20BA930205972F0DDFBA /* Pods_CafePrices.framework */; };
		E63AEE53272223F600509F69 /* AppDelegate.swift in Sources */ = {isa = PBXBuildFile; fileRef = E63AEE52272223F600509F69 /* AppDelegate.swift */; };
		E63AEE55272223F600509F69 /* SceneDelegate.swift in Sources */ = {isa = PBXBuildFile; fileRef = E63AEE54272223F600509F69 /* SceneDelegate.swift */; };
		E63AEE5A272223F600509F69 /* Main.storyboard in Resources */ = {isa = PBXBuildFile; fileRef = E63AEE58272223F600509F69 /* Main.storyboard */; };
		E63AEE5C272223F700509F69 /* Assets.xcassets in Resources */ = {isa = PBXBuildFile; fileRef = E63AEE5B272223F700509F69 /* Assets.xcassets */; };
		E63AEE5F272223F700509F69 /* LaunchScreen.storyboard in Resources */ = {isa = PBXBuildFile; fileRef = E63AEE5D272223F700509F69 /* LaunchScreen.storyboard */; };
		E63AEE6A272223F800509F69 /* CafePricesTests.swift in Sources */ = {isa = PBXBuildFile; fileRef = E63AEE69272223F800509F69 /* CafePricesTests.swift */; };
		E63AEE75272223F800509F69 /* CafePricesUITests.swift in Sources */ = {isa = PBXBuildFile; fileRef = E63AEE74272223F800509F69 /* CafePricesUITests.swift */; };
		E63AEE892723692B00509F69 /* CafeteriasViewController.swift in Sources */ = {isa = PBXBuildFile; fileRef = E63AEE862723692A00509F69 /* CafeteriasViewController.swift */; };
		E63AEE8A2723692B00509F69 /* TableViewCell.swift in Sources */ = {isa = PBXBuildFile; fileRef = E63AEE872723692A00509F69 /* TableViewCell.swift */; };
		E63AEE8B2723692B00509F69 /* Cafeteria.swift in Sources */ = {isa = PBXBuildFile; fileRef = E63AEE882723692A00509F69 /* Cafeteria.swift */; };
		E63AEE8F2723A0EE00509F69 /* MenuViewController.swift in Sources */ = {isa = PBXBuildFile; fileRef = E63AEE8C2723A0EE00509F69 /* MenuViewController.swift */; };
		E63AEE902723A0EE00509F69 /* CollectionViewCell.swift in Sources */ = {isa = PBXBuildFile; fileRef = E63AEE8D2723A0EE00509F69 /* CollectionViewCell.swift */; };
		E63AEE912723A0EE00509F69 /* CollectionViewCell.xib in Resources */ = {isa = PBXBuildFile; fileRef = E63AEE8E2723A0EE00509F69 /* CollectionViewCell.xib */; };
		E63AEE932724E26800509F69 /* Item.swift in Sources */ = {isa = PBXBuildFile; fileRef = E63AEE922724E26800509F69 /* Item.swift */; };
		E6953FE42728CFB800DD104D /* ItemSwiftUIView.swift in Sources */ = {isa = PBXBuildFile; fileRef = E6953FE32728CFB800DD104D /* ItemSwiftUIView.swift */; };
		E6953FE8272A24F800DD104D /* ItemImageSwiftUIView.swift in Sources */ = {isa = PBXBuildFile; fileRef = E6953FE7272A24F700DD104D /* ItemImageSwiftUIView.swift */; };
		E6953FED2745B01E00DD104D /* GoogleService-Info.plist in Resources */ = {isa = PBXBuildFile; fileRef = E6953FEC2745B01E00DD104D /* GoogleService-Info.plist */; };
/* End PBXBuildFile section */

/* Begin PBXContainerItemProxy section */
		E63AEE66272223F800509F69 /* PBXContainerItemProxy */ = {
			isa = PBXContainerItemProxy;
			containerPortal = E63AEE47272223F600509F69 /* Project object */;
			proxyType = 1;
			remoteGlobalIDString = E63AEE4E272223F600509F69;
			remoteInfo = CafePrices;
		};
		E63AEE71272223F800509F69 /* PBXContainerItemProxy */ = {
			isa = PBXContainerItemProxy;
			containerPortal = E63AEE47272223F600509F69 /* Project object */;
			proxyType = 1;
			remoteGlobalIDString = E63AEE4E272223F600509F69;
			remoteInfo = CafePrices;
		};
/* End PBXContainerItemProxy section */

/* Begin PBXFileReference section */
		00817DE497339FD08E3FBA91 /* Pods-CafePrices.debug.xcconfig */ = {isa = PBXFileReference; includeInIndex = 1; lastKnownFileType = text.xcconfig; name = "Pods-CafePrices.debug.xcconfig"; path = "Target Support Files/Pods-CafePrices/Pods-CafePrices.debug.xcconfig"; sourceTree = "<group>"; };
		6233AD1522DDA04C184854BC /* Pods_CafePricesTests.framework */ = {isa = PBXFileReference; explicitFileType = wrapper.framework; includeInIndex = 0; path = Pods_CafePricesTests.framework; sourceTree = BUILT_PRODUCTS_DIR; };
		653F2AA50C3E9A50EAA5FFF7 /* Pods_CafePrices_CafePricesUITests.framework */ = {isa = PBXFileReference; explicitFileType = wrapper.framework; includeInIndex = 0; path = Pods_CafePrices_CafePricesUITests.framework; sourceTree = BUILT_PRODUCTS_DIR; };
		6670838E88F128ED1B730C71 /* Pods-CafePricesTests.debug.xcconfig */ = {isa = PBXFileReference; includeInIndex = 1; lastKnownFileType = text.xcconfig; name = "Pods-CafePricesTests.debug.xcconfig"; path = "Target Support Files/Pods-CafePricesTests/Pods-CafePricesTests.debug.xcconfig"; sourceTree = "<group>"; };
		66EB20BA930205972F0DDFBA /* Pods_CafePrices.framework */ = {isa = PBXFileReference; explicitFileType = wrapper.framework; includeInIndex = 0; path = Pods_CafePrices.framework; sourceTree = BUILT_PRODUCTS_DIR; };
		CFA709A8255F0A03D8F24280 /* Pods-CafePricesTests.release.xcconfig */ = {isa = PBXFileReference; includeInIndex = 1; lastKnownFileType = text.xcconfig; name = "Pods-CafePricesTests.release.xcconfig"; path = "Target Support Files/Pods-CafePricesTests/Pods-CafePricesTests.release.xcconfig"; sourceTree = "<group>"; };
		DF34A80C333EB6148548B75D /* Pods-CafePrices-CafePricesUITests.debug.xcconfig */ = {isa = PBXFileReference; includeInIndex = 1; lastKnownFileType = text.xcconfig; name = "Pods-CafePrices-CafePricesUITests.debug.xcconfig"; path = "Target Support Files/Pods-CafePrices-CafePricesUITests/Pods-CafePrices-CafePricesUITests.debug.xcconfig"; sourceTree = "<group>"; };
		E63AEE4F272223F600509F69 /* CafePrices.app */ = {isa = PBXFileReference; explicitFileType = wrapper.application; includeInIndex = 0; path = CafePrices.app; sourceTree = BUILT_PRODUCTS_DIR; };
		E63AEE52272223F600509F69 /* AppDelegate.swift */ = {isa = PBXFileReference; lastKnownFileType = sourcecode.swift; path = AppDelegate.swift; sourceTree = "<group>"; };
		E63AEE54272223F600509F69 /* SceneDelegate.swift */ = {isa = PBXFileReference; lastKnownFileType = sourcecode.swift; path = SceneDelegate.swift; sourceTree = "<group>"; };
		E63AEE59272223F600509F69 /* Base */ = {isa = PBXFileReference; lastKnownFileType = file.storyboard; name = Base; path = Base.lproj/Main.storyboard; sourceTree = "<group>"; };
		E63AEE5B272223F700509F69 /* Assets.xcassets */ = {isa = PBXFileReference; lastKnownFileType = folder.assetcatalog; path = Assets.xcassets; sourceTree = "<group>"; };
		E63AEE5E272223F700509F69 /* Base */ = {isa = PBXFileReference; lastKnownFileType = file.storyboard; name = Base; path = Base.lproj/LaunchScreen.storyboard; sourceTree = "<group>"; };
		E63AEE60272223F700509F69 /* Info.plist */ = {isa = PBXFileReference; lastKnownFileType = text.plist.xml; path = Info.plist; sourceTree = "<group>"; };
		E63AEE65272223F800509F69 /* CafePricesTests.xctest */ = {isa = PBXFileReference; explicitFileType = wrapper.cfbundle; includeInIndex = 0; path = CafePricesTests.xctest; sourceTree = BUILT_PRODUCTS_DIR; };
		E63AEE69272223F800509F69 /* CafePricesTests.swift */ = {isa = PBXFileReference; lastKnownFileType = sourcecode.swift; path = CafePricesTests.swift; sourceTree = "<group>"; };
		E63AEE6B272223F800509F69 /* Info.plist */ = {isa = PBXFileReference; lastKnownFileType = text.plist.xml; path = Info.plist; sourceTree = "<group>"; };
		E63AEE70272223F800509F69 /* CafePricesUITests.xctest */ = {isa = PBXFileReference; explicitFileType = wrapper.cfbundle; includeInIndex = 0; path = CafePricesUITests.xctest; sourceTree = BUILT_PRODUCTS_DIR; };
		E63AEE74272223F800509F69 /* CafePricesUITests.swift */ = {isa = PBXFileReference; lastKnownFileType = sourcecode.swift; path = CafePricesUITests.swift; sourceTree = "<group>"; };
		E63AEE76272223F800509F69 /* Info.plist */ = {isa = PBXFileReference; lastKnownFileType = text.plist.xml; path = Info.plist; sourceTree = "<group>"; };
		E63AEE862723692A00509F69 /* CafeteriasViewController.swift */ = {isa = PBXFileReference; fileEncoding = 4; lastKnownFileType = sourcecode.swift; path = CafeteriasViewController.swift; sourceTree = "<group>"; };
		E63AEE872723692A00509F69 /* TableViewCell.swift */ = {isa = PBXFileReference; fileEncoding = 4; lastKnownFileType = sourcecode.swift; path = TableViewCell.swift; sourceTree = "<group>"; };
		E63AEE882723692A00509F69 /* Cafeteria.swift */ = {isa = PBXFileReference; fileEncoding = 4; lastKnownFileType = sourcecode.swift; path = Cafeteria.swift; sourceTree = "<group>"; };
		E63AEE8C2723A0EE00509F69 /* MenuViewController.swift */ = {isa = PBXFileReference; fileEncoding = 4; lastKnownFileType = sourcecode.swift; path = MenuViewController.swift; sourceTree = "<group>"; };
		E63AEE8D2723A0EE00509F69 /* CollectionViewCell.swift */ = {isa = PBXFileReference; fileEncoding = 4; lastKnownFileType = sourcecode.swift; path = CollectionViewCell.swift; sourceTree = "<group>"; };
		E63AEE8E2723A0EE00509F69 /* CollectionViewCell.xib */ = {isa = PBXFileReference; fileEncoding = 4; lastKnownFileType = file.xib; path = CollectionViewCell.xib; sourceTree = "<group>"; };
		E63AEE922724E26800509F69 /* Item.swift */ = {isa = PBXFileReference; lastKnownFileType = sourcecode.swift; path = Item.swift; sourceTree = "<group>"; };
		E6953FE32728CFB800DD104D /* ItemSwiftUIView.swift */ = {isa = PBXFileReference; lastKnownFileType = sourcecode.swift; path = ItemSwiftUIView.swift; sourceTree = "<group>"; };
		E6953FE7272A24F700DD104D /* ItemImageSwiftUIView.swift */ = {isa = PBXFileReference; lastKnownFileType = sourcecode.swift; path = ItemImageSwiftUIView.swift; sourceTree = "<group>"; };
		E6953FEC2745B01E00DD104D /* GoogleService-Info.plist */ = {isa = PBXFileReference; fileEncoding = 4; lastKnownFileType = text.plist.xml; path = "GoogleService-Info.plist"; sourceTree = "<group>"; };
		F77D3D8D45A4FF8DBC69F55C /* Pods-CafePrices-CafePricesUITests.release.xcconfig */ = {isa = PBXFileReference; includeInIndex = 1; lastKnownFileType = text.xcconfig; name = "Pods-CafePrices-CafePricesUITests.release.xcconfig"; path = "Target Support Files/Pods-CafePrices-CafePricesUITests/Pods-CafePrices-CafePricesUITests.release.xcconfig"; sourceTree = "<group>"; };
		F8EBFE73993DB8BA081CB3D6 /* Pods-CafePrices.release.xcconfig */ = {isa = PBXFileReference; includeInIndex = 1; lastKnownFileType = text.xcconfig; name = "Pods-CafePrices.release.xcconfig"; path = "Target Support Files/Pods-CafePrices/Pods-CafePrices.release.xcconfig"; sourceTree = "<group>"; };
/* End PBXFileReference section */

/* Begin PBXFrameworksBuildPhase section */
		E63AEE4C272223F600509F69 /* Frameworks */ = {
			isa = PBXFrameworksBuildPhase;
			buildActionMask = 2147483647;
			files = (
				DD80E8F0E17F94A50B63DF4E /* Pods_CafePrices.framework in Frameworks */,
			);
			runOnlyForDeploymentPostprocessing = 0;
		};
		E63AEE62272223F800509F69 /* Frameworks */ = {
			isa = PBXFrameworksBuildPhase;
			buildActionMask = 2147483647;
			files = (
				8527C322392BEB87A5463C73 /* Pods_CafePricesTests.framework in Frameworks */,
			);
			runOnlyForDeploymentPostprocessing = 0;
		};
		E63AEE6D272223F800509F69 /* Frameworks */ = {
			isa = PBXFrameworksBuildPhase;
			buildActionMask = 2147483647;
			files = (
				770ABA8B95C466C4C00CA4A7 /* Pods_CafePrices_CafePricesUITests.framework in Frameworks */,
			);
			runOnlyForDeploymentPostprocessing = 0;
		};
/* End PBXFrameworksBuildPhase section */

/* Begin PBXGroup section */
		0FD3281C7965DB993BF79EF4 /* Frameworks */ = {
			isa = PBXGroup;
			children = (
				66EB20BA930205972F0DDFBA /* Pods_CafePrices.framework */,
				653F2AA50C3E9A50EAA5FFF7 /* Pods_CafePrices_CafePricesUITests.framework */,
				6233AD1522DDA04C184854BC /* Pods_CafePricesTests.framework */,
			);
			name = Frameworks;
			sourceTree = "<group>";
		};
		7A9E24A6B2C110B69C02B8EA /* Pods */ = {
			isa = PBXGroup;
			children = (
				00817DE497339FD08E3FBA91 /* Pods-CafePrices.debug.xcconfig */,
				F8EBFE73993DB8BA081CB3D6 /* Pods-CafePrices.release.xcconfig */,
				DF34A80C333EB6148548B75D /* Pods-CafePrices-CafePricesUITests.debug.xcconfig */,
				F77D3D8D45A4FF8DBC69F55C /* Pods-CafePrices-CafePricesUITests.release.xcconfig */,
				6670838E88F128ED1B730C71 /* Pods-CafePricesTests.debug.xcconfig */,
				CFA709A8255F0A03D8F24280 /* Pods-CafePricesTests.release.xcconfig */,
			);
			name = Pods;
			path = Pods;
			sourceTree = "<group>";
		};
		E63AEE46272223F600509F69 = {
			isa = PBXGroup;
			children = (
				E63AEE51272223F600509F69 /* CafePrices */,
				E63AEE68272223F800509F69 /* CafePricesTests */,
				E63AEE73272223F800509F69 /* CafePricesUITests */,
				E63AEE50272223F600509F69 /* Products */,
				7A9E24A6B2C110B69C02B8EA /* Pods */,
				0FD3281C7965DB993BF79EF4 /* Frameworks */,
			);
			sourceTree = "<group>";
		};
		E63AEE50272223F600509F69 /* Products */ = {
			isa = PBXGroup;
			children = (
				E63AEE4F272223F600509F69 /* CafePrices.app */,
				E63AEE65272223F800509F69 /* CafePricesTests.xctest */,
				E63AEE70272223F800509F69 /* CafePricesUITests.xctest */,
			);
			name = Products;
			sourceTree = "<group>";
		};
		E63AEE51272223F600509F69 /* CafePrices */ = {
			isa = PBXGroup;
			children = (
				E6953FEC2745B01E00DD104D /* GoogleService-Info.plist */,
				E6953FEB27386CB600DD104D /* SwiftUI */,
				E6953FE22728C44500DD104D /* View */,
				E6953FE12728C40C00DD104D /* Model */,
				E6953FE02728C3FF00DD104D /* Xib */,
				E6953FDE2728C3CF00DD104D /* Controller */,
				E63AEE52272223F600509F69 /* AppDelegate.swift */,
				E63AEE54272223F600509F69 /* SceneDelegate.swift */,
				E63AEE58272223F600509F69 /* Main.storyboard */,
				E63AEE5B272223F700509F69 /* Assets.xcassets */,
				E63AEE5D272223F700509F69 /* LaunchScreen.storyboard */,
				E63AEE60272223F700509F69 /* Info.plist */,
			);
			path = CafePrices;
			sourceTree = "<group>";
		};
		E63AEE68272223F800509F69 /* CafePricesTests */ = {
			isa = PBXGroup;
			children = (
				E63AEE69272223F800509F69 /* CafePricesTests.swift */,
				E63AEE6B272223F800509F69 /* Info.plist */,
			);
			path = CafePricesTests;
			sourceTree = "<group>";
		};
		E63AEE73272223F800509F69 /* CafePricesUITests */ = {
			isa = PBXGroup;
			children = (
				E63AEE74272223F800509F69 /* CafePricesUITests.swift */,
				E63AEE76272223F800509F69 /* Info.plist */,
			);
			path = CafePricesUITests;
			sourceTree = "<group>";
		};
		E6953FDE2728C3CF00DD104D /* Controller */ = {
			isa = PBXGroup;
			children = (
				E63AEE862723692A00509F69 /* CafeteriasViewController.swift */,
				E63AEE8C2723A0EE00509F69 /* MenuViewController.swift */,
			);
			path = Controller;
			sourceTree = "<group>";
		};
		E6953FE02728C3FF00DD104D /* Xib */ = {
			isa = PBXGroup;
			children = (
				E63AEE8E2723A0EE00509F69 /* CollectionViewCell.xib */,
			);
			path = Xib;
			sourceTree = "<group>";
		};
		E6953FE12728C40C00DD104D /* Model */ = {
			isa = PBXGroup;
			children = (
				E63AEE922724E26800509F69 /* Item.swift */,
				E63AEE882723692A00509F69 /* Cafeteria.swift */,
			);
			path = Model;
			sourceTree = "<group>";
		};
		E6953FE22728C44500DD104D /* View */ = {
			isa = PBXGroup;
			children = (
				E63AEE8D2723A0EE00509F69 /* CollectionViewCell.swift */,
				E63AEE872723692A00509F69 /* TableViewCell.swift */,
			);
			path = View;
			sourceTree = "<group>";
		};
		E6953FEB27386CB600DD104D /* SwiftUI */ = {
			isa = PBXGroup;
			children = (
				E6953FE7272A24F700DD104D /* ItemImageSwiftUIView.swift */,
				E6953FE32728CFB800DD104D /* ItemSwiftUIView.swift */,
			);
			path = SwiftUI;
			sourceTree = "<group>";
		};
/* End PBXGroup section */

/* Begin PBXNativeTarget section */
		E63AEE4E272223F600509F69 /* CafePrices */ = {
			isa = PBXNativeTarget;
			buildConfigurationList = E63AEE79272223F800509F69 /* Build configuration list for PBXNativeTarget "CafePrices" */;
			buildPhases = (
				D569B2C86707A0A794190C0B /* [CP] Check Pods Manifest.lock */,
				E63AEE4B272223F600509F69 /* Sources */,
				E63AEE4C272223F600509F69 /* Frameworks */,
				E63AEE4D272223F600509F69 /* Resources */,
				D09834BB7F0CECE4001275F0 /* [CP] Embed Pods Frameworks */,
			);
			buildRules = (
			);
			dependencies = (
			);
			name = CafePrices;
			productName = CafePrices;
			productReference = E63AEE4F272223F600509F69 /* CafePrices.app */;
			productType = "com.apple.product-type.application";
		};
		E63AEE64272223F800509F69 /* CafePricesTests */ = {
			isa = PBXNativeTarget;
			buildConfigurationList = E63AEE7C272223F800509F69 /* Build configuration list for PBXNativeTarget "CafePricesTests" */;
			buildPhases = (
				D047834041766B4E2098CEF7 /* [CP] Check Pods Manifest.lock */,
				E63AEE61272223F800509F69 /* Sources */,
				E63AEE62272223F800509F69 /* Frameworks */,
				E63AEE63272223F800509F69 /* Resources */,
			);
			buildRules = (
			);
			dependencies = (
				E63AEE67272223F800509F69 /* PBXTargetDependency */,
			);
			name = CafePricesTests;
			productName = CafePricesTests;
			productReference = E63AEE65272223F800509F69 /* CafePricesTests.xctest */;
			productType = "com.apple.product-type.bundle.unit-test";
		};
		E63AEE6F272223F800509F69 /* CafePricesUITests */ = {
			isa = PBXNativeTarget;
			buildConfigurationList = E63AEE7F272223F800509F69 /* Build configuration list for PBXNativeTarget "CafePricesUITests" */;
			buildPhases = (
				0BB27DA2B30E61059A9B16B6 /* [CP] Check Pods Manifest.lock */,
				E63AEE6C272223F800509F69 /* Sources */,
				E63AEE6D272223F800509F69 /* Frameworks */,
				E63AEE6E272223F800509F69 /* Resources */,
				2EFC10BF8CD5C733DB9B36F5 /* [CP] Embed Pods Frameworks */,
			);
			buildRules = (
			);
			dependencies = (
				E63AEE72272223F800509F69 /* PBXTargetDependency */,
			);
			name = CafePricesUITests;
			productName = CafePricesUITests;
			productReference = E63AEE70272223F800509F69 /* CafePricesUITests.xctest */;
			productType = "com.apple.product-type.bundle.ui-testing";
		};
/* End PBXNativeTarget section */

/* Begin PBXProject section */
		E63AEE47272223F600509F69 /* Project object */ = {
			isa = PBXProject;
			attributes = {
				LastSwiftUpdateCheck = 1250;
				LastUpgradeCheck = 1250;
				TargetAttributes = {
					E63AEE4E272223F600509F69 = {
						CreatedOnToolsVersion = 12.5;
					};
					E63AEE64272223F800509F69 = {
						CreatedOnToolsVersion = 12.5;
						TestTargetID = E63AEE4E272223F600509F69;
					};
					E63AEE6F272223F800509F69 = {
						CreatedOnToolsVersion = 12.5;
						TestTargetID = E63AEE4E272223F600509F69;
					};
				};
			};
			buildConfigurationList = E63AEE4A272223F600509F69 /* Build configuration list for PBXProject "CafePrices" */;
			compatibilityVersion = "Xcode 9.3";
			developmentRegion = en;
			hasScannedForEncodings = 0;
			knownRegions = (
				en,
				Base,
			);
			mainGroup = E63AEE46272223F600509F69;
			productRefGroup = E63AEE50272223F600509F69 /* Products */;
			projectDirPath = "";
			projectRoot = "";
			targets = (
				E63AEE4E272223F600509F69 /* CafePrices */,
				E63AEE64272223F800509F69 /* CafePricesTests */,
				E63AEE6F272223F800509F69 /* CafePricesUITests */,
			);
		};
/* End PBXProject section */

/* Begin PBXResourcesBuildPhase section */
		E63AEE4D272223F600509F69 /* Resources */ = {
			isa = PBXResourcesBuildPhase;
			buildActionMask = 2147483647;
			files = (
				E63AEE5F272223F700509F69 /* LaunchScreen.storyboard in Resources */,
				E63AEE5C272223F700509F69 /* Assets.xcassets in Resources */,
				E6953FED2745B01E00DD104D /* GoogleService-Info.plist in Resources */,
				E63AEE912723A0EE00509F69 /* CollectionViewCell.xib in Resources */,
				E63AEE5A272223F600509F69 /* Main.storyboard in Resources */,
			);
			runOnlyForDeploymentPostprocessing = 0;
		};
		E63AEE63272223F800509F69 /* Resources */ = {
			isa = PBXResourcesBuildPhase;
			buildActionMask = 2147483647;
			files = (
			);
			runOnlyForDeploymentPostprocessing = 0;
		};
		E63AEE6E272223F800509F69 /* Resources */ = {
			isa = PBXResourcesBuildPhase;
			buildActionMask = 2147483647;
			files = (
			);
			runOnlyForDeploymentPostprocessing = 0;
		};
/* End PBXResourcesBuildPhase section */

/* Begin PBXShellScriptBuildPhase section */
		0BB27DA2B30E61059A9B16B6 /* [CP] Check Pods Manifest.lock */ = {
			isa = PBXShellScriptBuildPhase;
			buildActionMask = 2147483647;
			files = (
			);
			inputFileListPaths = (
			);
			inputPaths = (
				"${PODS_PODFILE_DIR_PATH}/Podfile.lock",
				"${PODS_ROOT}/Manifest.lock",
			);
			name = "[CP] Check Pods Manifest.lock";
			outputFileListPaths = (
			);
			outputPaths = (
				"$(DERIVED_FILE_DIR)/Pods-CafePrices-CafePricesUITests-checkManifestLockResult.txt",
			);
			runOnlyForDeploymentPostprocessing = 0;
			shellPath = /bin/sh;
			shellScript = "diff \"${PODS_PODFILE_DIR_PATH}/Podfile.lock\" \"${PODS_ROOT}/Manifest.lock\" > /dev/null\nif [ $? != 0 ] ; then\n    # print error to STDERR\n    echo \"error: The sandbox is not in sync with the Podfile.lock. Run 'pod install' or update your CocoaPods installation.\" >&2\n    exit 1\nfi\n# This output is used by Xcode 'outputs' to avoid re-running this script phase.\necho \"SUCCESS\" > \"${SCRIPT_OUTPUT_FILE_0}\"\n";
			showEnvVarsInLog = 0;
		};
		2EFC10BF8CD5C733DB9B36F5 /* [CP] Embed Pods Frameworks */ = {
			isa = PBXShellScriptBuildPhase;
			buildActionMask = 2147483647;
			files = (
			);
			inputFileListPaths = (
				"${PODS_ROOT}/Target Support Files/Pods-CafePrices-CafePricesUITests/Pods-CafePrices-CafePricesUITests-frameworks-${CONFIGURATION}-input-files.xcfilelist",
			);
			name = "[CP] Embed Pods Frameworks";
			outputFileListPaths = (
				"${PODS_ROOT}/Target Support Files/Pods-CafePrices-CafePricesUITests/Pods-CafePrices-CafePricesUITests-frameworks-${CONFIGURATION}-output-files.xcfilelist",
			);
			runOnlyForDeploymentPostprocessing = 0;
			shellPath = /bin/sh;
			shellScript = "\"${PODS_ROOT}/Target Support Files/Pods-CafePrices-CafePricesUITests/Pods-CafePrices-CafePricesUITests-frameworks.sh\"\n";
			showEnvVarsInLog = 0;
		};
		D047834041766B4E2098CEF7 /* [CP] Check Pods Manifest.lock */ = {
			isa = PBXShellScriptBuildPhase;
			buildActionMask = 2147483647;
			files = (
			);
			inputFileListPaths = (
			);
			inputPaths = (
				"${PODS_PODFILE_DIR_PATH}/Podfile.lock",
				"${PODS_ROOT}/Manifest.lock",
			);
			name = "[CP] Check Pods Manifest.lock";
			outputFileListPaths = (
			);
			outputPaths = (
				"$(DERIVED_FILE_DIR)/Pods-CafePricesTests-checkManifestLockResult.txt",
			);
			runOnlyForDeploymentPostprocessing = 0;
			shellPath = /bin/sh;
			shellScript = "diff \"${PODS_PODFILE_DIR_PATH}/Podfile.lock\" \"${PODS_ROOT}/Manifest.lock\" > /dev/null\nif [ $? != 0 ] ; then\n    # print error to STDERR\n    echo \"error: The sandbox is not in sync with the Podfile.lock. Run 'pod install' or update your CocoaPods installation.\" >&2\n    exit 1\nfi\n# This output is used by Xcode 'outputs' to avoid re-running this script phase.\necho \"SUCCESS\" > \"${SCRIPT_OUTPUT_FILE_0}\"\n";
			showEnvVarsInLog = 0;
		};
		D09834BB7F0CECE4001275F0 /* [CP] Embed Pods Frameworks */ = {
			isa = PBXShellScriptBuildPhase;
			buildActionMask = 2147483647;
			files = (
			);
			inputFileListPaths = (
				"${PODS_ROOT}/Target Support Files/Pods-CafePrices/Pods-CafePrices-frameworks-${CONFIGURATION}-input-files.xcfilelist",
			);
			name = "[CP] Embed Pods Frameworks";
			outputFileListPaths = (
				"${PODS_ROOT}/Target Support Files/Pods-CafePrices/Pods-CafePrices-frameworks-${CONFIGURATION}-output-files.xcfilelist",
			);
			runOnlyForDeploymentPostprocessing = 0;
			shellPath = /bin/sh;
			shellScript = "\"${PODS_ROOT}/Target Support Files/Pods-CafePrices/Pods-CafePrices-frameworks.sh\"\n";
			showEnvVarsInLog = 0;
		};
		D569B2C86707A0A794190C0B /* [CP] Check Pods Manifest.lock */ = {
			isa = PBXShellScriptBuildPhase;
			buildActionMask = 2147483647;
			files = (
			);
			inputFileListPaths = (
			);
			inputPaths = (
				"${PODS_PODFILE_DIR_PATH}/Podfile.lock",
				"${PODS_ROOT}/Manifest.lock",
			);
			name = "[CP] Check Pods Manifest.lock";
			outputFileListPaths = (
			);
			outputPaths = (
				"$(DERIVED_FILE_DIR)/Pods-CafePrices-checkManifestLockResult.txt",
			);
			runOnlyForDeploymentPostprocessing = 0;
			shellPath = /bin/sh;
			shellScript = "diff \"${PODS_PODFILE_DIR_PATH}/Podfile.lock\" \"${PODS_ROOT}/Manifest.lock\" > /dev/null\nif [ $? != 0 ] ; then\n    # print error to STDERR\n    echo \"error: The sandbox is not in sync with the Podfile.lock. Run 'pod install' or update your CocoaPods installation.\" >&2\n    exit 1\nfi\n# This output is used by Xcode 'outputs' to avoid re-running this script phase.\necho \"SUCCESS\" > \"${SCRIPT_OUTPUT_FILE_0}\"\n";
			showEnvVarsInLog = 0;
		};
/* End PBXShellScriptBuildPhase section */

/* Begin PBXSourcesBuildPhase section */
		E63AEE4B272223F600509F69 /* Sources */ = {
			isa = PBXSourcesBuildPhase;
			buildActionMask = 2147483647;
			files = (
				E63AEE8A2723692B00509F69 /* TableViewCell.swift in Sources */,
				E63AEE8F2723A0EE00509F69 /* MenuViewController.swift in Sources */,
				E63AEE53272223F600509F69 /* AppDelegate.swift in Sources */,
				E63AEE902723A0EE00509F69 /* CollectionViewCell.swift in Sources */,
				E6953FE42728CFB800DD104D /* ItemSwiftUIView.swift in Sources */,
				E63AEE932724E26800509F69 /* Item.swift in Sources */,
				E63AEE55272223F600509F69 /* SceneDelegate.swift in Sources */,
				E6953FE8272A24F800DD104D /* ItemImageSwiftUIView.swift in Sources */,
				E63AEE8B2723692B00509F69 /* Cafeteria.swift in Sources */,
				E63AEE892723692B00509F69 /* CafeteriasViewController.swift in Sources */,
			);
			runOnlyForDeploymentPostprocessing = 0;
		};
		E63AEE61272223F800509F69 /* Sources */ = {
			isa = PBXSourcesBuildPhase;
			buildActionMask = 2147483647;
			files = (
				E63AEE6A272223F800509F69 /* CafePricesTests.swift in Sources */,
			);
			runOnlyForDeploymentPostprocessing = 0;
		};
		E63AEE6C272223F800509F69 /* Sources */ = {
			isa = PBXSourcesBuildPhase;
			buildActionMask = 2147483647;
			files = (
				E63AEE75272223F800509F69 /* CafePricesUITests.swift in Sources */,
			);
			runOnlyForDeploymentPostprocessing = 0;
		};
/* End PBXSourcesBuildPhase section */

/* Begin PBXTargetDependency section */
		E63AEE67272223F800509F69 /* PBXTargetDependency */ = {
			isa = PBXTargetDependency;
			target = E63AEE4E272223F600509F69 /* CafePrices */;
			targetProxy = E63AEE66272223F800509F69 /* PBXContainerItemProxy */;
		};
		E63AEE72272223F800509F69 /* PBXTargetDependency */ = {
			isa = PBXTargetDependency;
			target = E63AEE4E272223F600509F69 /* CafePrices */;
			targetProxy = E63AEE71272223F800509F69 /* PBXContainerItemProxy */;
		};
/* End PBXTargetDependency section */

/* Begin PBXVariantGroup section */
		E63AEE58272223F600509F69 /* Main.storyboard */ = {
			isa = PBXVariantGroup;
			children = (
				E63AEE59272223F600509F69 /* Base */,
			);
			name = Main.storyboard;
			sourceTree = "<group>";
		};
		E63AEE5D272223F700509F69 /* LaunchScreen.storyboard */ = {
			isa = PBXVariantGroup;
			children = (
				E63AEE5E272223F700509F69 /* Base */,
			);
			name = LaunchScreen.storyboard;
			sourceTree = "<group>";
		};
/* End PBXVariantGroup section */

/* Begin XCBuildConfiguration section */
		E63AEE77272223F800509F69 /* Debug */ = {
			isa = XCBuildConfiguration;
			buildSettings = {
				ALWAYS_SEARCH_USER_PATHS = NO;
				CLANG_ANALYZER_NONNULL = YES;
				CLANG_ANALYZER_NUMBER_OBJECT_CONVERSION = YES_AGGRESSIVE;
				CLANG_CXX_LANGUAGE_STANDARD = "gnu++14";
				CLANG_CXX_LIBRARY = "libc++";
				CLANG_ENABLE_MODULES = YES;
				CLANG_ENABLE_OBJC_ARC = YES;
				CLANG_ENABLE_OBJC_WEAK = YES;
				CLANG_WARN_BLOCK_CAPTURE_AUTORELEASING = YES;
				CLANG_WARN_BOOL_CONVERSION = YES;
				CLANG_WARN_COMMA = YES;
				CLANG_WARN_CONSTANT_CONVERSION = YES;
				CLANG_WARN_DEPRECATED_OBJC_IMPLEMENTATIONS = YES;
				CLANG_WARN_DIRECT_OBJC_ISA_USAGE = YES_ERROR;
				CLANG_WARN_DOCUMENTATION_COMMENTS = YES;
				CLANG_WARN_EMPTY_BODY = YES;
				CLANG_WARN_ENUM_CONVERSION = YES;
				CLANG_WARN_INFINITE_RECURSION = YES;
				CLANG_WARN_INT_CONVERSION = YES;
				CLANG_WARN_NON_LITERAL_NULL_CONVERSION = YES;
				CLANG_WARN_OBJC_IMPLICIT_RETAIN_SELF = YES;
				CLANG_WARN_OBJC_LITERAL_CONVERSION = YES;
				CLANG_WARN_OBJC_ROOT_CLASS = YES_ERROR;
				CLANG_WARN_QUOTED_INCLUDE_IN_FRAMEWORK_HEADER = YES;
				CLANG_WARN_RANGE_LOOP_ANALYSIS = YES;
				CLANG_WARN_STRICT_PROTOTYPES = YES;
				CLANG_WARN_SUSPICIOUS_MOVE = YES;
				CLANG_WARN_UNGUARDED_AVAILABILITY = YES_AGGRESSIVE;
				CLANG_WARN_UNREACHABLE_CODE = YES;
				CLANG_WARN__DUPLICATE_METHOD_MATCH = YES;
				COPY_PHASE_STRIP = NO;
				DEBUG_INFORMATION_FORMAT = dwarf;
				ENABLE_STRICT_OBJC_MSGSEND = YES;
				ENABLE_TESTABILITY = YES;
				GCC_C_LANGUAGE_STANDARD = gnu11;
				GCC_DYNAMIC_NO_PIC = NO;
				GCC_NO_COMMON_BLOCKS = YES;
				GCC_OPTIMIZATION_LEVEL = 0;
				GCC_PREPROCESSOR_DEFINITIONS = (
					"DEBUG=1",
					"$(inherited)",
				);
				GCC_WARN_64_TO_32_BIT_CONVERSION = YES;
				GCC_WARN_ABOUT_RETURN_TYPE = YES_ERROR;
				GCC_WARN_UNDECLARED_SELECTOR = YES;
				GCC_WARN_UNINITIALIZED_AUTOS = YES_AGGRESSIVE;
				GCC_WARN_UNUSED_FUNCTION = YES;
				GCC_WARN_UNUSED_VARIABLE = YES;
				IPHONEOS_DEPLOYMENT_TARGET = 14.5;
				MTL_ENABLE_DEBUG_INFO = INCLUDE_SOURCE;
				MTL_FAST_MATH = YES;
				ONLY_ACTIVE_ARCH = YES;
				SDKROOT = iphoneos;
				SWIFT_ACTIVE_COMPILATION_CONDITIONS = DEBUG;
				SWIFT_OPTIMIZATION_LEVEL = "-Onone";
			};
			name = Debug;
		};
		E63AEE78272223F800509F69 /* Release */ = {
			isa = XCBuildConfiguration;
			buildSettings = {
				ALWAYS_SEARCH_USER_PATHS = NO;
				CLANG_ANALYZER_NONNULL = YES;
				CLANG_ANALYZER_NUMBER_OBJECT_CONVERSION = YES_AGGRESSIVE;
				CLANG_CXX_LANGUAGE_STANDARD = "gnu++14";
				CLANG_CXX_LIBRARY = "libc++";
				CLANG_ENABLE_MODULES = YES;
				CLANG_ENABLE_OBJC_ARC = YES;
				CLANG_ENABLE_OBJC_WEAK = YES;
				CLANG_WARN_BLOCK_CAPTURE_AUTORELEASING = YES;
				CLANG_WARN_BOOL_CONVERSION = YES;
				CLANG_WARN_COMMA = YES;
				CLANG_WARN_CONSTANT_CONVERSION = YES;
				CLANG_WARN_DEPRECATED_OBJC_IMPLEMENTATIONS = YES;
				CLANG_WARN_DIRECT_OBJC_ISA_USAGE = YES_ERROR;
				CLANG_WARN_DOCUMENTATION_COMMENTS = YES;
				CLANG_WARN_EMPTY_BODY = YES;
				CLANG_WARN_ENUM_CONVERSION = YES;
				CLANG_WARN_INFINITE_RECURSION = YES;
				CLANG_WARN_INT_CONVERSION = YES;
				CLANG_WARN_NON_LITERAL_NULL_CONVERSION = YES;
				CLANG_WARN_OBJC_IMPLICIT_RETAIN_SELF = YES;
				CLANG_WARN_OBJC_LITERAL_CONVERSION = YES;
				CLANG_WARN_OBJC_ROOT_CLASS = YES_ERROR;
				CLANG_WARN_QUOTED_INCLUDE_IN_FRAMEWORK_HEADER = YES;
				CLANG_WARN_RANGE_LOOP_ANALYSIS = YES;
				CLANG_WARN_STRICT_PROTOTYPES = YES;
				CLANG_WARN_SUSPICIOUS_MOVE = YES;
				CLANG_WARN_UNGUARDED_AVAILABILITY = YES_AGGRESSIVE;
				CLANG_WARN_UNREACHABLE_CODE = YES;
				CLANG_WARN__DUPLICATE_METHOD_MATCH = YES;
				COPY_PHASE_STRIP = NO;
				DEBUG_INFORMATION_FORMAT = "dwarf-with-dsym";
				ENABLE_NS_ASSERTIONS = NO;
				ENABLE_STRICT_OBJC_MSGSEND = YES;
				GCC_C_LANGUAGE_STANDARD = gnu11;
				GCC_NO_COMMON_BLOCKS = YES;
				GCC_WARN_64_TO_32_BIT_CONVERSION = YES;
				GCC_WARN_ABOUT_RETURN_TYPE = YES_ERROR;
				GCC_WARN_UNDECLARED_SELECTOR = YES;
				GCC_WARN_UNINITIALIZED_AUTOS = YES_AGGRESSIVE;
				GCC_WARN_UNUSED_FUNCTION = YES;
				GCC_WARN_UNUSED_VARIABLE = YES;
				IPHONEOS_DEPLOYMENT_TARGET = 14.5;
				MTL_ENABLE_DEBUG_INFO = NO;
				MTL_FAST_MATH = YES;
				SDKROOT = iphoneos;
				SWIFT_COMPILATION_MODE = wholemodule;
				SWIFT_OPTIMIZATION_LEVEL = "-O";
				VALIDATE_PRODUCT = YES;
			};
			name = Release;
		};
		E63AEE7A272223F800509F69 /* Debug */ = {
			isa = XCBuildConfiguration;
			baseConfigurationReference = 00817DE497339FD08E3FBA91 /* Pods-CafePrices.debug.xcconfig */;
			buildSettings = {
				ASSETCATALOG_COMPILER_APPICON_NAME = AppIcon;
				ASSETCATALOG_COMPILER_GLOBAL_ACCENT_COLOR_NAME = AccentColor;
				CODE_SIGN_STYLE = Automatic;
				INFOPLIST_FILE = CafePrices/Info.plist;
				LD_RUNPATH_SEARCH_PATHS = (
					"$(inherited)",
					"@executable_path/Frameworks",
				);
				PRODUCT_BUNDLE_IDENTIFIER = com.CafePrices;
				PRODUCT_NAME = "$(TARGET_NAME)";
				SWIFT_VERSION = 5.0;
				TARGETED_DEVICE_FAMILY = "1,2";
			};
			name = Debug;
		};
		E63AEE7B272223F800509F69 /* Release */ = {
			isa = XCBuildConfiguration;
			baseConfigurationReference = F8EBFE73993DB8BA081CB3D6 /* Pods-CafePrices.release.xcconfig */;
			buildSettings = {
				ASSETCATALOG_COMPILER_APPICON_NAME = AppIcon;
				ASSETCATALOG_COMPILER_GLOBAL_ACCENT_COLOR_NAME = AccentColor;
				CODE_SIGN_STYLE = Automatic;
				INFOPLIST_FILE = CafePrices/Info.plist;
				LD_RUNPATH_SEARCH_PATHS = (
					"$(inherited)",
					"@executable_path/Frameworks",
				);
				PRODUCT_BUNDLE_IDENTIFIER = com.CafePrices;
				PRODUCT_NAME = "$(TARGET_NAME)";
				SWIFT_VERSION = 5.0;
				TARGETED_DEVICE_FAMILY = "1,2";
			};
			name = Release;
		};
		E63AEE7D272223F800509F69 /* Debug */ = {
			isa = XCBuildConfiguration;
			baseConfigurationReference = 6670838E88F128ED1B730C71 /* Pods-CafePricesTests.debug.xcconfig */;
			buildSettings = {
				ALWAYS_EMBED_SWIFT_STANDARD_LIBRARIES = YES;
				BUNDLE_LOADER = "$(TEST_HOST)";
				CODE_SIGN_STYLE = Automatic;
				INFOPLIST_FILE = CafePricesTests/Info.plist;
				IPHONEOS_DEPLOYMENT_TARGET = 14.5;
				LD_RUNPATH_SEARCH_PATHS = (
					"$(inherited)",
					"@executable_path/Frameworks",
					"@loader_path/Frameworks",
				);
				PRODUCT_BUNDLE_IDENTIFIER = com.CafePricesTests;
				PRODUCT_NAME = "$(TARGET_NAME)";
				SWIFT_VERSION = 5.0;
				TARGETED_DEVICE_FAMILY = "1,2";
				TEST_HOST = "$(BUILT_PRODUCTS_DIR)/CafePrices.app/CafePrices";
			};
			name = Debug;
		};
		E63AEE7E272223F800509F69 /* Release */ = {
			isa = XCBuildConfiguration;
			baseConfigurationReference = CFA709A8255F0A03D8F24280 /* Pods-CafePricesTests.release.xcconfig */;
			buildSettings = {
				ALWAYS_EMBED_SWIFT_STANDARD_LIBRARIES = YES;
				BUNDLE_LOADER = "$(TEST_HOST)";
				CODE_SIGN_STYLE = Automatic;
				INFOPLIST_FILE = CafePricesTests/Info.plist;
				IPHONEOS_DEPLOYMENT_TARGET = 14.5;
				LD_RUNPATH_SEARCH_PATHS = (
					"$(inherited)",
					"@executable_path/Frameworks",
					"@loader_path/Frameworks",
				);
				PRODUCT_BUNDLE_IDENTIFIER = com.CafePricesTests;
				PRODUCT_NAME = "$(TARGET_NAME)";
				SWIFT_VERSION = 5.0;
				TARGETED_DEVICE_FAMILY = "1,2";
				TEST_HOST = "$(BUILT_PRODUCTS_DIR)/CafePrices.app/CafePrices";
			};
			name = Release;
		};
		E63AEE80272223F800509F69 /* Debug */ = {
			isa = XCBuildConfiguration;
			baseConfigurationReference = DF34A80C333EB6148548B75D /* Pods-CafePrices-CafePricesUITests.debug.xcconfig */;
			buildSettings = {
				ALWAYS_EMBED_SWIFT_STANDARD_LIBRARIES = YES;
				CODE_SIGN_STYLE = Automatic;
				INFOPLIST_FILE = CafePricesUITests/Info.plist;
				LD_RUNPATH_SEARCH_PATHS = (
					"$(inherited)",
					"@executable_path/Frameworks",
					"@loader_path/Frameworks",
				);
				PRODUCT_BUNDLE_IDENTIFIER = com.CafePricesUITests;
				PRODUCT_NAME = "$(TARGET_NAME)";
				SWIFT_VERSION = 5.0;
				TARGETED_DEVICE_FAMILY = "1,2";
				TEST_TARGET_NAME = CafePrices;
			};
			name = Debug;
		};
		E63AEE81272223F800509F69 /* Release */ = {
			isa = XCBuildConfiguration;
			baseConfigurationReference = F77D3D8D45A4FF8DBC69F55C /* Pods-CafePrices-CafePricesUITests.release.xcconfig */;
			buildSettings = {
				ALWAYS_EMBED_SWIFT_STANDARD_LIBRARIES = YES;
				CODE_SIGN_STYLE = Automatic;
				INFOPLIST_FILE = CafePricesUITests/Info.plist;
				LD_RUNPATH_SEARCH_PATHS = (
					"$(inherited)",
					"@executable_path/Frameworks",
					"@loader_path/Frameworks",
				);
				PRODUCT_BUNDLE_IDENTIFIER = com.CafePricesUITests;
				PRODUCT_NAME = "$(TARGET_NAME)";
				SWIFT_VERSION = 5.0;
				TARGETED_DEVICE_FAMILY = "1,2";
				TEST_TARGET_NAME = CafePrices;
			};
			name = Release;
		};
/* End XCBuildConfiguration section */

/* Begin XCConfigurationList section */
		E63AEE4A272223F600509F69 /* Build configuration list for PBXProject "CafePrices" */ = {
			isa = XCConfigurationList;
			buildConfigurations = (
				E63AEE77272223F800509F69 /* Debug */,
				E63AEE78272223F800509F69 /* Release */,
			);
			defaultConfigurationIsVisible = 0;
			defaultConfigurationName = Release;
		};
		E63AEE79272223F800509F69 /* Build configuration list for PBXNativeTarget "CafePrices" */ = {
			isa = XCConfigurationList;
			buildConfigurations = (
				E63AEE7A272223F800509F69 /* Debug */,
				E63AEE7B272223F800509F69 /* Release */,
			);
			defaultConfigurationIsVisible = 0;
			defaultConfigurationName = Release;
		};
		E63AEE7C272223F800509F69 /* Build configuration list for PBXNativeTarget "CafePricesTests" */ = {
			isa = XCConfigurationList;
			buildConfigurations = (
				E63AEE7D272223F800509F69 /* Debug */,
				E63AEE7E272223F800509F69 /* Release */,
			);
			defaultConfigurationIsVisible = 0;
			defaultConfigurationName = Release;
		};
		E63AEE7F272223F800509F69 /* Build configuration list for PBXNativeTarget "CafePricesUITests" */ = {
			isa = XCConfigurationList;
			buildConfigurations = (
				E63AEE80272223F800509F69 /* Debug */,
				E63AEE81272223F800509F69 /* Release */,
			);
			defaultConfigurationIsVisible = 0;
			defaultConfigurationName = Release;
		};
/* End XCConfigurationList section */
	};
	rootObject = E63AEE47272223F600509F69 /* Project object */;
}
